
Microsoft Visual Studio Solution File, Format Version 12.00
# Visual Studio Version 17
VisualStudioVersion = 17.11.35303.130
MinimumVisualStudioVersion = 10.0.40219.1
Project("{FAE04EC0-301F-11D3-BF4B-00C04F79EFBC}") = "LB1_Starovoytov", "LB1_Starovoytov\LB1_Starovoytov.csproj", "{2BF5FB8E-1FDF-46DF-8110-1DB31822E84A}"
EndProject
Project("{FAE04EC0-301F-11D3-BF4B-00C04F79EFBC}") = "Model", "Model\Model.csproj", "{59D8408E-6EA3-445D-8434-BD6B2564023F}"
EndProject
Project("{2150E333-8FDC-42A3-9474-1A3956D46DE8}") = "LB1-2", "LB1-2", "{36D591C7-65C7-A0D1-1CBC-10CDE441BDC8}"
EndProject
Project("{2150E333-8FDC-42A3-9474-1A3956D46DE8}") = "LB3-4", "LB3-4", "{DDB6BEFC-EED3-4F31-9F5B-B7C41078DE72}"
EndProject
Project("{FAE04EC0-301F-11D3-BF4B-00C04F79EFBC}") = "Program_LB3-4", "Program_LB3-4\Program_LB3-4.csproj", "{7175CAC7-DEC6-40AB-92B2-85FF9B764A58}"
	ProjectSection(ProjectDependencies) = postProject
		{2DFD788E-C063-4B08-8B2B-398198F26BB6} = {2DFD788E-C063-4B08-8B2B-398198F26BB6}
	EndProjectSection
EndProject
Project("{FAE04EC0-301F-11D3-BF4B-00C04F79EFBC}") = "Model_LB3-4", "Model_LB3-4\Model_LB3-4.csproj", "{2DFD788E-C063-4B08-8B2B-398198F26BB6}"
EndProject
Global
	GlobalSection(SolutionConfigurationPlatforms) = preSolution
		Debug|Any CPU = Debug|Any CPU
		Release|Any CPU = Release|Any CPU
	EndGlobalSection
	GlobalSection(ProjectConfigurationPlatforms) = postSolution
		{2BF5FB8E-1FDF-46DF-8110-1DB31822E84A}.Debug|Any CPU.ActiveCfg = Debug|Any CPU
		{2BF5FB8E-1FDF-46DF-8110-1DB31822E84A}.Debug|Any CPU.Build.0 = Debug|Any CPU
		{2BF5FB8E-1FDF-46DF-8110-1DB31822E84A}.Release|Any CPU.ActiveCfg = Release|Any CPU
		{2BF5FB8E-1FDF-46DF-8110-1DB31822E84A}.Release|Any CPU.Build.0 = Release|Any CPU
		{59D8408E-6EA3-445D-8434-BD6B2564023F}.Debug|Any CPU.ActiveCfg = Debug|Any CPU
		{59D8408E-6EA3-445D-8434-BD6B2564023F}.Debug|Any CPU.Build.0 = Debug|Any CPU
		{59D8408E-6EA3-445D-8434-BD6B2564023F}.Release|Any CPU.ActiveCfg = Release|Any CPU
		{59D8408E-6EA3-445D-8434-BD6B2564023F}.Release|Any CPU.Build.0 = Release|Any CPU
		{7175CAC7-DEC6-40AB-92B2-85FF9B764A58}.Debug|Any CPU.ActiveCfg = Debug|Any CPU
		{7175CAC7-DEC6-40AB-92B2-85FF9B764A58}.Debug|Any CPU.Build.0 = Debug|Any CPU
		{7175CAC7-DEC6-40AB-92B2-85FF9B764A58}.Release|Any CPU.ActiveCfg = Release|Any CPU
		{7175CAC7-DEC6-40AB-92B2-85FF9B764A58}.Release|Any CPU.Build.0 = Release|Any CPU
		{2DFD788E-C063-4B08-8B2B-398198F26BB6}.Debug|Any CPU.ActiveCfg = Debug|Any CPU
		{2DFD788E-C063-4B08-8B2B-398198F26BB6}.Debug|Any CPU.Build.0 = Debug|Any CPU
		{2DFD788E-C063-4B08-8B2B-398198F26BB6}.Release|Any CPU.ActiveCfg = Release|Any CPU
		{2DFD788E-C063-4B08-8B2B-398198F26BB6}.Release|Any CPU.Build.0 = Release|Any CPU
	EndGlobalSection
	GlobalSection(SolutionProperties) = preSolution
		HideSolutionNode = FALSE
	EndGlobalSection
	GlobalSection(NestedProjects) = preSolution
		{2BF5FB8E-1FDF-46DF-8110-1DB31822E84A} = {36D591C7-65C7-A0D1-1CBC-10CDE441BDC8}
		{59D8408E-6EA3-445D-8434-BD6B2564023F} = {36D591C7-65C7-A0D1-1CBC-10CDE441BDC8}
		{7175CAC7-DEC6-40AB-92B2-85FF9B764A58} = {DDB6BEFC-EED3-4F31-9F5B-B7C41078DE72}
		{2DFD788E-C063-4B08-8B2B-398198F26BB6} = {DDB6BEFC-EED3-4F31-9F5B-B7C41078DE72}
	EndGlobalSection
	GlobalSection(ExtensibilityGlobals) = postSolution
		SolutionGuid = {DE296C82-0A77-4D6E-A680-954456D035C2}
	EndGlobalSection
EndGlobal
